// !$*UTF8*$!
{
	archiveVersion = 1;
	classes = {
	};
	objectVersion = 50;
	objects = {

/* Begin PBXBuildFile section */
		AFC84A18CF646C4FA3982F0A /* Pods_RanTalk.framework in Frameworks */ = {isa = PBXBuildFile; fileRef = C60B984CFD3E4D7BD949E9F1 /* Pods_RanTalk.framework */; };
		EA18893D2164DF9C006C914B /* UserProfileViewController.swift in Sources */ = {isa = PBXBuildFile; fileRef = EA18893C2164DF9C006C914B /* UserProfileViewController.swift */; };
		EA1889432164E0F9006C914B /* UserProfilePresenter.swift in Sources */ = {isa = PBXBuildFile; fileRef = EA1889422164E0F9006C914B /* UserProfilePresenter.swift */; };
		EA1889452164E100006C914B /* UserProfileView.swift in Sources */ = {isa = PBXBuildFile; fileRef = EA1889442164E100006C914B /* UserProfileView.swift */; };
		EA1889472164E1A8006C914B /* UserProfileRequest.swift in Sources */ = {isa = PBXBuildFile; fileRef = EA1889462164E1A8006C914B /* UserProfileRequest.swift */; };
		EA1889492164E1B0006C914B /* UserProfileResponse.swift in Sources */ = {isa = PBXBuildFile; fileRef = EA1889482164E1B0006C914B /* UserProfileResponse.swift */; };
		EA18894B2164E210006C914B /* UserProfile.swift in Sources */ = {isa = PBXBuildFile; fileRef = EA18894A2164E210006C914B /* UserProfile.swift */; };
		EA18894D2164E3BA006C914B /* FavoriteRequest.swift in Sources */ = {isa = PBXBuildFile; fileRef = EA18894C2164E3BA006C914B /* FavoriteRequest.swift */; };
		EA18894F2164E3C1006C914B /* FavoriteResponse.swift in Sources */ = {isa = PBXBuildFile; fileRef = EA18894E2164E3C1006C914B /* FavoriteResponse.swift */; };
		EA18895221669A92006C914B /* UserProfileProtocol.swift in Sources */ = {isa = PBXBuildFile; fileRef = EA18895121669A92006C914B /* UserProfileProtocol.swift */; };
		EA188958216D3C35006C914B /* ChatListView.swift in Sources */ = {isa = PBXBuildFile; fileRef = EA188957216D3C35006C914B /* ChatListView.swift */; };
		EA18895A216D5051006C914B /* ChatListPresenter.swift in Sources */ = {isa = PBXBuildFile; fileRef = EA188959216D5051006C914B /* ChatListPresenter.swift */; };
		EA1995F4214C02F400B28EB7 /* SendRequest.swift in Sources */ = {isa = PBXBuildFile; fileRef = EA1995F3214C02F400B28EB7 /* SendRequest.swift */; };
		EA1995F6214C02FB00B28EB7 /* SendResponse.swift in Sources */ = {isa = PBXBuildFile; fileRef = EA1995F5214C02FB00B28EB7 /* SendResponse.swift */; };
		EA1995FA214C05C700B28EB7 /* ChatView.swift in Sources */ = {isa = PBXBuildFile; fileRef = EA1995F9214C05C700B28EB7 /* ChatView.swift */; };
		EA1995FC214C1BCB00B28EB7 /* BaseResponse.swift in Sources */ = {isa = PBXBuildFile; fileRef = EA1995FB214C1BCB00B28EB7 /* BaseResponse.swift */; };
		EA1995FE214C293500B28EB7 /* ChatPresenter.swift in Sources */ = {isa = PBXBuildFile; fileRef = EA1995FD214C293500B28EB7 /* ChatPresenter.swift */; };
		EA199603214E7C1B00B28EB7 /* MyData.swift in Sources */ = {isa = PBXBuildFile; fileRef = EA199602214E7C1B00B28EB7 /* MyData.swift */; };
		EA199605214E809400B28EB7 /* BaseData.swift in Sources */ = {isa = PBXBuildFile; fileRef = EA199604214E809400B28EB7 /* BaseData.swift */; };
		EA199607214E918600B28EB7 /* RoomResponse.swift in Sources */ = {isa = PBXBuildFile; fileRef = EA199606214E918600B28EB7 /* RoomResponse.swift */; };
		EA19960B214E9BDD00B28EB7 /* RoomRequest.swift in Sources */ = {isa = PBXBuildFile; fileRef = EA19960A214E9BDD00B28EB7 /* RoomRequest.swift */; };
		EA19960D214E9CFD00B28EB7 /* Room.swift in Sources */ = {isa = PBXBuildFile; fileRef = EA19960C214E9CFD00B28EB7 /* Room.swift */; };
		EA344B1C21518AF60078467C /* ChatProtocol.swift in Sources */ = {isa = PBXBuildFile; fileRef = EA344B1B21518AF60078467C /* ChatProtocol.swift */; };
		EA344B1E2152BE890078467C /* AnyView.swift in Sources */ = {isa = PBXBuildFile; fileRef = EA344B1D2152BE890078467C /* AnyView.swift */; };
		EA344B202152CAD50078467C /* ViewParameter.swift in Sources */ = {isa = PBXBuildFile; fileRef = EA344B1F2152CAD50078467C /* ViewParameter.swift */; };
		EA344B232152E1CC0078467C /* MoreViewController.swift in Sources */ = {isa = PBXBuildFile; fileRef = EA344B222152E1CC0078467C /* MoreViewController.swift */; };
		EA344B252152E1E50078467C /* ProfileViewController.swift in Sources */ = {isa = PBXBuildFile; fileRef = EA344B242152E1E50078467C /* ProfileViewController.swift */; };
		EA344B292154065E0078467C /* ProfileCollectionViewCell.swift in Sources */ = {isa = PBXBuildFile; fileRef = EA344B282154065E0078467C /* ProfileCollectionViewCell.swift */; };
		EA344B2B215418BC0078467C /* UserInfoTableViewCell.swift in Sources */ = {isa = PBXBuildFile; fileRef = EA344B2A215418BC0078467C /* UserInfoTableViewCell.swift */; };
		EAB250BA215424ED00B81B34 /* PRTableViewCell.swift in Sources */ = {isa = PBXBuildFile; fileRef = EAB250B9215424ED00B81B34 /* PRTableViewCell.swift */; };
		EAB250BC215428BE00B81B34 /* ProfileTableViewCell.swift in Sources */ = {isa = PBXBuildFile; fileRef = EAB250BB215428BE00B81B34 /* ProfileTableViewCell.swift */; };
		EAB250C021542AE200B81B34 /* ProfileDataSource.swift in Sources */ = {isa = PBXBuildFile; fileRef = EAB250BF21542AE200B81B34 /* ProfileDataSource.swift */; };
		EAB250C72155513100B81B34 /* SplashViewController.swift in Sources */ = {isa = PBXBuildFile; fileRef = EAB250C62155513100B81B34 /* SplashViewController.swift */; };
		EAB250CD215554AD00B81B34 /* ProfileRequest.swift in Sources */ = {isa = PBXBuildFile; fileRef = EAB250CC215554AD00B81B34 /* ProfileRequest.swift */; };
		EAB250CF215554B500B81B34 /* ProfileResponse.swift in Sources */ = {isa = PBXBuildFile; fileRef = EAB250CE215554B500B81B34 /* ProfileResponse.swift */; };
		EAB250D121556E9900B81B34 /* Profile.swift in Sources */ = {isa = PBXBuildFile; fileRef = EAB250D021556E9900B81B34 /* Profile.swift */; };
		EAB250D32155705E00B81B34 /* SplashAPI.swift in Sources */ = {isa = PBXBuildFile; fileRef = EAB250D22155705E00B81B34 /* SplashAPI.swift */; };
		EAB250D5215571DD00B81B34 /* SplashRequest.swift in Sources */ = {isa = PBXBuildFile; fileRef = EAB250D4215571DD00B81B34 /* SplashRequest.swift */; };
		EAB250D72155729C00B81B34 /* SplashResponse.swift in Sources */ = {isa = PBXBuildFile; fileRef = EAB250D62155729C00B81B34 /* SplashResponse.swift */; };
		EAB250D9215573A100B81B34 /* SplashPresenter.swift in Sources */ = {isa = PBXBuildFile; fileRef = EAB250D8215573A100B81B34 /* SplashPresenter.swift */; };
		EAB250DB2155756B00B81B34 /* SplashView.swift in Sources */ = {isa = PBXBuildFile; fileRef = EAB250DA2155756B00B81B34 /* SplashView.swift */; };
		EAB250E12158D7A200B81B34 /* AddPhotoCollectionViewCell.swift in Sources */ = {isa = PBXBuildFile; fileRef = EAB250E02158D7A200B81B34 /* AddPhotoCollectionViewCell.swift */; };
		EACF7ECD21398BA200939BB7 /* AppDelegate.swift in Sources */ = {isa = PBXBuildFile; fileRef = EACF7ECC21398BA200939BB7 /* AppDelegate.swift */; };
		EACF7ECF21398BA200939BB7 /* SigninViewController.swift in Sources */ = {isa = PBXBuildFile; fileRef = EACF7ECE21398BA200939BB7 /* SigninViewController.swift */; };
		EACF7ED221398BA200939BB7 /* Main.storyboard in Resources */ = {isa = PBXBuildFile; fileRef = EACF7ED021398BA200939BB7 /* Main.storyboard */; };
		EACF7ED521398BA200939BB7 /* RanTalk.xcdatamodeld in Sources */ = {isa = PBXBuildFile; fileRef = EACF7ED321398BA200939BB7 /* RanTalk.xcdatamodeld */; };
		EACF7ED721398BA200939BB7 /* Assets.xcassets in Resources */ = {isa = PBXBuildFile; fileRef = EACF7ED621398BA200939BB7 /* Assets.xcassets */; };
		EACF7EDA21398BA200939BB7 /* LaunchScreen.storyboard in Resources */ = {isa = PBXBuildFile; fileRef = EACF7ED821398BA200939BB7 /* LaunchScreen.storyboard */; };
		EACF7EE2213A703300939BB7 /* SignupViewController.swift in Sources */ = {isa = PBXBuildFile; fileRef = EACF7EE1213A703300939BB7 /* SignupViewController.swift */; };
		EACF7EE4213A742E00939BB7 /* FirstApi.swift in Sources */ = {isa = PBXBuildFile; fileRef = EACF7EE3213A742E00939BB7 /* FirstApi.swift */; };
		EACF7EE7213A746300939BB7 /* SecondApi.swift in Sources */ = {isa = PBXBuildFile; fileRef = EACF7EE6213A746300939BB7 /* SecondApi.swift */; };
		EACF7EED213A7A1B00939BB7 /* Extensions.swift in Sources */ = {isa = PBXBuildFile; fileRef = EACF7EEC213A7A1B00939BB7 /* Extensions.swift */; };
		EACF7EF1213A802500939BB7 /* UserListTableViewController.swift in Sources */ = {isa = PBXBuildFile; fileRef = EACF7EF0213A802500939BB7 /* UserListTableViewController.swift */; };
		EACF7EF5213A809700939BB7 /* UserListTableViewCell.swift in Sources */ = {isa = PBXBuildFile; fileRef = EACF7EF4213A809700939BB7 /* UserListTableViewCell.swift */; };
		EACF7EF9213A812B00939BB7 /* AdTableViewCell.swift in Sources */ = {isa = PBXBuildFile; fileRef = EACF7EF8213A812B00939BB7 /* AdTableViewCell.swift */; };
		EACF7EFB213A814300939BB7 /* UserTableViewCell.swift in Sources */ = {isa = PBXBuildFile; fileRef = EACF7EFA213A814300939BB7 /* UserTableViewCell.swift */; };
		EACF7F00213A8D9700939BB7 /* ChatListTableViewController.swift in Sources */ = {isa = PBXBuildFile; fileRef = EACF7EFF213A8D9700939BB7 /* ChatListTableViewController.swift */; };
		EACF7F02213A8E3900939BB7 /* ChatListTableViewCell.swift in Sources */ = {isa = PBXBuildFile; fileRef = EACF7F01213A8E3900939BB7 /* ChatListTableViewCell.swift */; };
		EACF7F04213A90D900939BB7 /* ChatViewController.swift in Sources */ = {isa = PBXBuildFile; fileRef = EACF7F03213A90D900939BB7 /* ChatViewController.swift */; };
		EACF7F06213A90FB00939BB7 /* MessageTableViewCell.swift in Sources */ = {isa = PBXBuildFile; fileRef = EACF7F05213A90FB00939BB7 /* MessageTableViewCell.swift */; };
		EACF7F08213A910500939BB7 /* MyTableViewCell.swift in Sources */ = {isa = PBXBuildFile; fileRef = EACF7F07213A910500939BB7 /* MyTableViewCell.swift */; };
		EACF7F0A213A911000939BB7 /* OtherTableViewCell.swift in Sources */ = {isa = PBXBuildFile; fileRef = EACF7F09213A911000939BB7 /* OtherTableViewCell.swift */; };
		EACF7F0C213A91DF00939BB7 /* MessageData.swift in Sources */ = {isa = PBXBuildFile; fileRef = EACF7F0B213A91DF00939BB7 /* MessageData.swift */; };
		EACF7F0F213BC56F00939BB7 /* InviteProtocol.swift in Sources */ = {isa = PBXBuildFile; fileRef = EACF7F0E213BC56F00939BB7 /* InviteProtocol.swift */; };
		EAD73B602145844D0011190E /* User.swift in Sources */ = {isa = PBXBuildFile; fileRef = EAD73B5F2145844D0011190E /* User.swift */; };
		EAD73B64214584C10011190E /* UserResponse.swift in Sources */ = {isa = PBXBuildFile; fileRef = EAD73B63214584C10011190E /* UserResponse.swift */; };
		EAD73B67214584F40011190E /* UserRequest.swift in Sources */ = {isa = PBXBuildFile; fileRef = EAD73B66214584F40011190E /* UserRequest.swift */; };
		EAD73B69214585130011190E /* API.swift in Sources */ = {isa = PBXBuildFile; fileRef = EAD73B68214585130011190E /* API.swift */; };
		EAD73B6B214585680011190E /* ShareReferences.swift in Sources */ = {isa = PBXBuildFile; fileRef = EAD73B6A214585680011190E /* ShareReferences.swift */; };
		EAD73B6D214585B90011190E /* UserAPI.swift in Sources */ = {isa = PBXBuildFile; fileRef = EAD73B6C214585B90011190E /* UserAPI.swift */; };
		EAD73B6F214586860011190E /* UserView.swift in Sources */ = {isa = PBXBuildFile; fileRef = EAD73B6E214586860011190E /* UserView.swift */; };
		EAD73B71214586A30011190E /* UserPresenter.swift in Sources */ = {isa = PBXBuildFile; fileRef = EAD73B70214586A30011190E /* UserPresenter.swift */; };
		EAD73B7321463B8B0011190E /* Navigator.swift in Sources */ = {isa = PBXBuildFile; fileRef = EAD73B7221463B8B0011190E /* Navigator.swift */; };
		EAD73B7A2146DE780011190E /* ChatRequest.swift in Sources */ = {isa = PBXBuildFile; fileRef = EAD73B792146DE780011190E /* ChatRequest.swift */; };
		EAD73B7C2146DE830011190E /* ChatResponse.swift in Sources */ = {isa = PBXBuildFile; fileRef = EAD73B7B2146DE830011190E /* ChatResponse.swift */; };
		EAD73B7E214700000011190E /* testproto.swift in Sources */ = {isa = PBXBuildFile; fileRef = EAD73B7D214700000011190E /* testproto.swift */; };
		EAD73B84214B831A0011190E /* UserListRequest.swift in Sources */ = {isa = PBXBuildFile; fileRef = EAD73B83214B831A0011190E /* UserListRequest.swift */; };
		EAD73B86214B83210011190E /* UserListResponse.swift in Sources */ = {isa = PBXBuildFile; fileRef = EAD73B85214B83210011190E /* UserListResponse.swift */; };
		EAD73B88214B85440011190E /* List.swift in Sources */ = {isa = PBXBuildFile; fileRef = EAD73B87214B85440011190E /* List.swift */; };
		EAFAA4F1215A40EC00C12911 /* UserinfoProtocol.swift in Sources */ = {isa = PBXBuildFile; fileRef = EAFAA4F0215A40EC00C12911 /* UserinfoProtocol.swift */; };
		EAFAA4F3215B7C8500C12911 /* InviteRequest.swift in Sources */ = {isa = PBXBuildFile; fileRef = EAFAA4F2215B7C8500C12911 /* InviteRequest.swift */; };
		EAFAA4F5215B7C8C00C12911 /* InviteResponse.swift in Sources */ = {isa = PBXBuildFile; fileRef = EAFAA4F4215B7C8C00C12911 /* InviteResponse.swift */; };
		EAFAA4F7215BBECD00C12911 /* SocketPath.swift in Sources */ = {isa = PBXBuildFile; fileRef = EAFAA4F6215BBECD00C12911 /* SocketPath.swift */; };
		EAFAA4F9215FD97900C12911 /* InviteView.swift in Sources */ = {isa = PBXBuildFile; fileRef = EAFAA4F8215FD97900C12911 /* InviteView.swift */; };
		EAFAA4FB215FD9A400C12911 /* UserListView.swift in Sources */ = {isa = PBXBuildFile; fileRef = EAFAA4FA215FD9A400C12911 /* UserListView.swift */; };
		EAFAA4FD215FDA7B00C12911 /* UserListPresenter.swift in Sources */ = {isa = PBXBuildFile; fileRef = EAFAA4FC215FDA7B00C12911 /* UserListPresenter.swift */; };
/* End PBXBuildFile section */

/* Begin PBXFileReference section */
		1456A13C75448EBE01408515 /* Pods-RanTalk.debug.xcconfig */ = {isa = PBXFileReference; includeInIndex = 1; lastKnownFileType = text.xcconfig; name = "Pods-RanTalk.debug.xcconfig"; path = "Pods/Target Support Files/Pods-RanTalk/Pods-RanTalk.debug.xcconfig"; sourceTree = "<group>"; };
		4D5A10B7171D802C2C1EF61B /* Pods-RanTalk.release.xcconfig */ = {isa = PBXFileReference; includeInIndex = 1; lastKnownFileType = text.xcconfig; name = "Pods-RanTalk.release.xcconfig"; path = "Pods/Target Support Files/Pods-RanTalk/Pods-RanTalk.release.xcconfig"; sourceTree = "<group>"; };
		C60B984CFD3E4D7BD949E9F1 /* Pods_RanTalk.framework */ = {isa = PBXFileReference; explicitFileType = wrapper.framework; includeInIndex = 0; path = Pods_RanTalk.framework; sourceTree = BUILT_PRODUCTS_DIR; };
		EA18893C2164DF9C006C914B /* UserProfileViewController.swift */ = {isa = PBXFileReference; lastKnownFileType = sourcecode.swift; path = UserProfileViewController.swift; sourceTree = "<group>"; };
		EA1889422164E0F9006C914B /* UserProfilePresenter.swift */ = {isa = PBXFileReference; lastKnownFileType = sourcecode.swift; path = UserProfilePresenter.swift; sourceTree = "<group>"; };
		EA1889442164E100006C914B /* UserProfileView.swift */ = {isa = PBXFileReference; lastKnownFileType = sourcecode.swift; path = UserProfileView.swift; sourceTree = "<group>"; };
		EA1889462164E1A8006C914B /* UserProfileRequest.swift */ = {isa = PBXFileReference; lastKnownFileType = sourcecode.swift; path = UserProfileRequest.swift; sourceTree = "<group>"; };
		EA1889482164E1B0006C914B /* UserProfileResponse.swift */ = {isa = PBXFileReference; lastKnownFileType = sourcecode.swift; path = UserProfileResponse.swift; sourceTree = "<group>"; };
		EA18894A2164E210006C914B /* UserProfile.swift */ = {isa = PBXFileReference; lastKnownFileType = sourcecode.swift; path = UserProfile.swift; sourceTree = "<group>"; };
		EA18894C2164E3BA006C914B /* FavoriteRequest.swift */ = {isa = PBXFileReference; lastKnownFileType = sourcecode.swift; path = FavoriteRequest.swift; sourceTree = "<group>"; };
		EA18894E2164E3C1006C914B /* FavoriteResponse.swift */ = {isa = PBXFileReference; lastKnownFileType = sourcecode.swift; path = FavoriteResponse.swift; sourceTree = "<group>"; };
		EA18895121669A92006C914B /* UserProfileProtocol.swift */ = {isa = PBXFileReference; lastKnownFileType = sourcecode.swift; path = UserProfileProtocol.swift; sourceTree = "<group>"; };
		EA188957216D3C35006C914B /* ChatListView.swift */ = {isa = PBXFileReference; lastKnownFileType = sourcecode.swift; path = ChatListView.swift; sourceTree = "<group>"; };
		EA188959216D5051006C914B /* ChatListPresenter.swift */ = {isa = PBXFileReference; lastKnownFileType = sourcecode.swift; path = ChatListPresenter.swift; sourceTree = "<group>"; };
		EA1995F3214C02F400B28EB7 /* SendRequest.swift */ = {isa = PBXFileReference; lastKnownFileType = sourcecode.swift; path = SendRequest.swift; sourceTree = "<group>"; };
		EA1995F5214C02FB00B28EB7 /* SendResponse.swift */ = {isa = PBXFileReference; lastKnownFileType = sourcecode.swift; path = SendResponse.swift; sourceTree = "<group>"; };
		EA1995F9214C05C700B28EB7 /* ChatView.swift */ = {isa = PBXFileReference; lastKnownFileType = sourcecode.swift; path = ChatView.swift; sourceTree = "<group>"; };
		EA1995FB214C1BCB00B28EB7 /* BaseResponse.swift */ = {isa = PBXFileReference; lastKnownFileType = sourcecode.swift; path = BaseResponse.swift; sourceTree = "<group>"; };
		EA1995FD214C293500B28EB7 /* ChatPresenter.swift */ = {isa = PBXFileReference; lastKnownFileType = sourcecode.swift; path = ChatPresenter.swift; sourceTree = "<group>"; };
		EA199602214E7C1B00B28EB7 /* MyData.swift */ = {isa = PBXFileReference; lastKnownFileType = sourcecode.swift; path = MyData.swift; sourceTree = "<group>"; };
		EA199604214E809400B28EB7 /* BaseData.swift */ = {isa = PBXFileReference; lastKnownFileType = sourcecode.swift; path = BaseData.swift; sourceTree = "<group>"; };
		EA199606214E918600B28EB7 /* RoomResponse.swift */ = {isa = PBXFileReference; lastKnownFileType = sourcecode.swift; path = RoomResponse.swift; sourceTree = "<group>"; };
		EA19960A214E9BDD00B28EB7 /* RoomRequest.swift */ = {isa = PBXFileReference; lastKnownFileType = sourcecode.swift; path = RoomRequest.swift; sourceTree = "<group>"; };
		EA19960C214E9CFD00B28EB7 /* Room.swift */ = {isa = PBXFileReference; lastKnownFileType = sourcecode.swift; path = Room.swift; sourceTree = "<group>"; };
		EA344B1B21518AF60078467C /* ChatProtocol.swift */ = {isa = PBXFileReference; lastKnownFileType = sourcecode.swift; path = ChatProtocol.swift; sourceTree = "<group>"; };
		EA344B1D2152BE890078467C /* AnyView.swift */ = {isa = PBXFileReference; lastKnownFileType = sourcecode.swift; path = AnyView.swift; sourceTree = "<group>"; };
		EA344B1F2152CAD50078467C /* ViewParameter.swift */ = {isa = PBXFileReference; lastKnownFileType = sourcecode.swift; path = ViewParameter.swift; sourceTree = "<group>"; };
		EA344B222152E1CC0078467C /* MoreViewController.swift */ = {isa = PBXFileReference; lastKnownFileType = sourcecode.swift; path = MoreViewController.swift; sourceTree = "<group>"; };
		EA344B242152E1E50078467C /* ProfileViewController.swift */ = {isa = PBXFileReference; lastKnownFileType = sourcecode.swift; path = ProfileViewController.swift; sourceTree = "<group>"; };
		EA344B282154065E0078467C /* ProfileCollectionViewCell.swift */ = {isa = PBXFileReference; lastKnownFileType = sourcecode.swift; path = ProfileCollectionViewCell.swift; sourceTree = "<group>"; };
		EA344B2A215418BC0078467C /* UserInfoTableViewCell.swift */ = {isa = PBXFileReference; lastKnownFileType = sourcecode.swift; path = UserInfoTableViewCell.swift; sourceTree = "<group>"; };
		EAB250B9215424ED00B81B34 /* PRTableViewCell.swift */ = {isa = PBXFileReference; lastKnownFileType = sourcecode.swift; path = PRTableViewCell.swift; sourceTree = "<group>"; };
		EAB250BB215428BE00B81B34 /* ProfileTableViewCell.swift */ = {isa = PBXFileReference; lastKnownFileType = sourcecode.swift; path = ProfileTableViewCell.swift; sourceTree = "<group>"; };
		EAB250BF21542AE200B81B34 /* ProfileDataSource.swift */ = {isa = PBXFileReference; lastKnownFileType = sourcecode.swift; path = ProfileDataSource.swift; sourceTree = "<group>"; };
		EAB250C62155513100B81B34 /* SplashViewController.swift */ = {isa = PBXFileReference; lastKnownFileType = sourcecode.swift; path = SplashViewController.swift; sourceTree = "<group>"; };
		EAB250CC215554AD00B81B34 /* ProfileRequest.swift */ = {isa = PBXFileReference; lastKnownFileType = sourcecode.swift; path = ProfileRequest.swift; sourceTree = "<group>"; };
		EAB250CE215554B500B81B34 /* ProfileResponse.swift */ = {isa = PBXFileReference; lastKnownFileType = sourcecode.swift; path = ProfileResponse.swift; sourceTree = "<group>"; };
		EAB250D021556E9900B81B34 /* Profile.swift */ = {isa = PBXFileReference; lastKnownFileType = sourcecode.swift; path = Profile.swift; sourceTree = "<group>"; };
		EAB250D22155705E00B81B34 /* SplashAPI.swift */ = {isa = PBXFileReference; lastKnownFileType = sourcecode.swift; path = SplashAPI.swift; sourceTree = "<group>"; };
		EAB250D4215571DD00B81B34 /* SplashRequest.swift */ = {isa = PBXFileReference; lastKnownFileType = sourcecode.swift; path = SplashRequest.swift; sourceTree = "<group>"; };
		EAB250D62155729C00B81B34 /* SplashResponse.swift */ = {isa = PBXFileReference; lastKnownFileType = sourcecode.swift; path = SplashResponse.swift; sourceTree = "<group>"; };
		EAB250D8215573A100B81B34 /* SplashPresenter.swift */ = {isa = PBXFileReference; lastKnownFileType = sourcecode.swift; path = SplashPresenter.swift; sourceTree = "<group>"; };
		EAB250DA2155756B00B81B34 /* SplashView.swift */ = {isa = PBXFileReference; lastKnownFileType = sourcecode.swift; path = SplashView.swift; sourceTree = "<group>"; };
		EAB250E02158D7A200B81B34 /* AddPhotoCollectionViewCell.swift */ = {isa = PBXFileReference; lastKnownFileType = sourcecode.swift; path = AddPhotoCollectionViewCell.swift; sourceTree = "<group>"; };
		EACF7EC921398BA200939BB7 /* RanTalk.app */ = {isa = PBXFileReference; explicitFileType = wrapper.application; includeInIndex = 0; path = RanTalk.app; sourceTree = BUILT_PRODUCTS_DIR; };
		EACF7ECC21398BA200939BB7 /* AppDelegate.swift */ = {isa = PBXFileReference; lastKnownFileType = sourcecode.swift; path = AppDelegate.swift; sourceTree = "<group>"; };
		EACF7ECE21398BA200939BB7 /* SigninViewController.swift */ = {isa = PBXFileReference; lastKnownFileType = sourcecode.swift; path = SigninViewController.swift; sourceTree = "<group>"; };
		EACF7ED121398BA200939BB7 /* Base */ = {isa = PBXFileReference; lastKnownFileType = file.storyboard; name = Base; path = Base.lproj/Main.storyboard; sourceTree = "<group>"; };
		EACF7ED421398BA200939BB7 /* RanTalk.xcdatamodel */ = {isa = PBXFileReference; lastKnownFileType = wrapper.xcdatamodel; path = RanTalk.xcdatamodel; sourceTree = "<group>"; };
		EACF7ED621398BA200939BB7 /* Assets.xcassets */ = {isa = PBXFileReference; lastKnownFileType = folder.assetcatalog; path = Assets.xcassets; sourceTree = "<group>"; };
		EACF7ED921398BA200939BB7 /* Base */ = {isa = PBXFileReference; lastKnownFileType = file.storyboard; name = Base; path = Base.lproj/LaunchScreen.storyboard; sourceTree = "<group>"; };
		EACF7EDB21398BA200939BB7 /* Info.plist */ = {isa = PBXFileReference; lastKnownFileType = text.plist.xml; path = Info.plist; sourceTree = "<group>"; };
		EACF7EE1213A703300939BB7 /* SignupViewController.swift */ = {isa = PBXFileReference; lastKnownFileType = sourcecode.swift; path = SignupViewController.swift; sourceTree = "<group>"; };
		EACF7EE3213A742E00939BB7 /* FirstApi.swift */ = {isa = PBXFileReference; lastKnownFileType = sourcecode.swift; path = FirstApi.swift; sourceTree = "<group>"; };
		EACF7EE6213A746300939BB7 /* SecondApi.swift */ = {isa = PBXFileReference; lastKnownFileType = sourcecode.swift; path = SecondApi.swift; sourceTree = "<group>"; };
		EACF7EEC213A7A1B00939BB7 /* Extensions.swift */ = {isa = PBXFileReference; lastKnownFileType = sourcecode.swift; path = Extensions.swift; sourceTree = "<group>"; };
		EACF7EF0213A802500939BB7 /* UserListTableViewController.swift */ = {isa = PBXFileReference; lastKnownFileType = sourcecode.swift; path = UserListTableViewController.swift; sourceTree = "<group>"; };
		EACF7EF4213A809700939BB7 /* UserListTableViewCell.swift */ = {isa = PBXFileReference; lastKnownFileType = sourcecode.swift; path = UserListTableViewCell.swift; sourceTree = "<group>"; };
		EACF7EF8213A812B00939BB7 /* AdTableViewCell.swift */ = {isa = PBXFileReference; lastKnownFileType = sourcecode.swift; path = AdTableViewCell.swift; sourceTree = "<group>"; };
		EACF7EFA213A814300939BB7 /* UserTableViewCell.swift */ = {isa = PBXFileReference; lastKnownFileType = sourcecode.swift; path = UserTableViewCell.swift; sourceTree = "<group>"; };
		EACF7EFF213A8D9700939BB7 /* ChatListTableViewController.swift */ = {isa = PBXFileReference; lastKnownFileType = sourcecode.swift; path = ChatListTableViewController.swift; sourceTree = "<group>"; };
		EACF7F01213A8E3900939BB7 /* ChatListTableViewCell.swift */ = {isa = PBXFileReference; lastKnownFileType = sourcecode.swift; path = ChatListTableViewCell.swift; sourceTree = "<group>"; };
		EACF7F03213A90D900939BB7 /* ChatViewController.swift */ = {isa = PBXFileReference; lastKnownFileType = sourcecode.swift; path = ChatViewController.swift; sourceTree = "<group>"; };
		EACF7F05213A90FB00939BB7 /* MessageTableViewCell.swift */ = {isa = PBXFileReference; lastKnownFileType = sourcecode.swift; path = MessageTableViewCell.swift; sourceTree = "<group>"; };
		EACF7F07213A910500939BB7 /* MyTableViewCell.swift */ = {isa = PBXFileReference; lastKnownFileType = sourcecode.swift; path = MyTableViewCell.swift; sourceTree = "<group>"; };
		EACF7F09213A911000939BB7 /* OtherTableViewCell.swift */ = {isa = PBXFileReference; lastKnownFileType = sourcecode.swift; path = OtherTableViewCell.swift; sourceTree = "<group>"; };
		EACF7F0B213A91DF00939BB7 /* MessageData.swift */ = {isa = PBXFileReference; lastKnownFileType = sourcecode.swift; path = MessageData.swift; sourceTree = "<group>"; };
		EACF7F0E213BC56F00939BB7 /* InviteProtocol.swift */ = {isa = PBXFileReference; lastKnownFileType = sourcecode.swift; path = InviteProtocol.swift; sourceTree = "<group>"; };
		EAD73B5F2145844D0011190E /* User.swift */ = {isa = PBXFileReference; lastKnownFileType = sourcecode.swift; path = User.swift; sourceTree = "<group>"; };
		EAD73B63214584C10011190E /* UserResponse.swift */ = {isa = PBXFileReference; lastKnownFileType = sourcecode.swift; path = UserResponse.swift; sourceTree = "<group>"; };
		EAD73B66214584F40011190E /* UserRequest.swift */ = {isa = PBXFileReference; lastKnownFileType = sourcecode.swift; path = UserRequest.swift; sourceTree = "<group>"; };
		EAD73B68214585130011190E /* API.swift */ = {isa = PBXFileReference; lastKnownFileType = sourcecode.swift; path = API.swift; sourceTree = "<group>"; };
		EAD73B6A214585680011190E /* ShareReferences.swift */ = {isa = PBXFileReference; lastKnownFileType = sourcecode.swift; path = ShareReferences.swift; sourceTree = "<group>"; };
		EAD73B6C214585B90011190E /* UserAPI.swift */ = {isa = PBXFileReference; lastKnownFileType = sourcecode.swift; path = UserAPI.swift; sourceTree = "<group>"; };
		EAD73B6E214586860011190E /* UserView.swift */ = {isa = PBXFileReference; lastKnownFileType = sourcecode.swift; path = UserView.swift; sourceTree = "<group>"; };
		EAD73B70214586A30011190E /* UserPresenter.swift */ = {isa = PBXFileReference; lastKnownFileType = sourcecode.swift; path = UserPresenter.swift; sourceTree = "<group>"; };
		EAD73B7221463B8B0011190E /* Navigator.swift */ = {isa = PBXFileReference; lastKnownFileType = sourcecode.swift; path = Navigator.swift; sourceTree = "<group>"; };
		EAD73B792146DE780011190E /* ChatRequest.swift */ = {isa = PBXFileReference; lastKnownFileType = sourcecode.swift; path = ChatRequest.swift; sourceTree = "<group>"; };
		EAD73B7B2146DE830011190E /* ChatResponse.swift */ = {isa = PBXFileReference; lastKnownFileType = sourcecode.swift; path = ChatResponse.swift; sourceTree = "<group>"; };
		EAD73B7D214700000011190E /* testproto.swift */ = {isa = PBXFileReference; lastKnownFileType = sourcecode.swift; path = testproto.swift; sourceTree = "<group>"; };
		EAD73B83214B831A0011190E /* UserListRequest.swift */ = {isa = PBXFileReference; lastKnownFileType = sourcecode.swift; path = UserListRequest.swift; sourceTree = "<group>"; };
		EAD73B85214B83210011190E /* UserListResponse.swift */ = {isa = PBXFileReference; lastKnownFileType = sourcecode.swift; path = UserListResponse.swift; sourceTree = "<group>"; };
		EAD73B87214B85440011190E /* List.swift */ = {isa = PBXFileReference; lastKnownFileType = sourcecode.swift; path = List.swift; sourceTree = "<group>"; };
		EAFAA4F0215A40EC00C12911 /* UserinfoProtocol.swift */ = {isa = PBXFileReference; lastKnownFileType = sourcecode.swift; path = UserinfoProtocol.swift; sourceTree = "<group>"; };
		EAFAA4F2215B7C8500C12911 /* InviteRequest.swift */ = {isa = PBXFileReference; lastKnownFileType = sourcecode.swift; path = InviteRequest.swift; sourceTree = "<group>"; };
		EAFAA4F4215B7C8C00C12911 /* InviteResponse.swift */ = {isa = PBXFileReference; lastKnownFileType = sourcecode.swift; path = InviteResponse.swift; sourceTree = "<group>"; };
		EAFAA4F6215BBECD00C12911 /* SocketPath.swift */ = {isa = PBXFileReference; lastKnownFileType = sourcecode.swift; path = SocketPath.swift; sourceTree = "<group>"; };
		EAFAA4F8215FD97900C12911 /* InviteView.swift */ = {isa = PBXFileReference; lastKnownFileType = sourcecode.swift; path = InviteView.swift; sourceTree = "<group>"; };
		EAFAA4FA215FD9A400C12911 /* UserListView.swift */ = {isa = PBXFileReference; lastKnownFileType = sourcecode.swift; path = UserListView.swift; sourceTree = "<group>"; };
		EAFAA4FC215FDA7B00C12911 /* UserListPresenter.swift */ = {isa = PBXFileReference; lastKnownFileType = sourcecode.swift; path = UserListPresenter.swift; sourceTree = "<group>"; };
/* End PBXFileReference section */

/* Begin PBXFrameworksBuildPhase section */
		EACF7EC621398BA200939BB7 /* Frameworks */ = {
			isa = PBXFrameworksBuildPhase;
			buildActionMask = 2147483647;
			files = (
				AFC84A18CF646C4FA3982F0A /* Pods_RanTalk.framework in Frameworks */,
			);
			runOnlyForDeploymentPostprocessing = 0;
		};
/* End PBXFrameworksBuildPhase section */

/* Begin PBXGroup section */
		3D0882F328E3932FB8B82D47 /* Frameworks */ = {
			isa = PBXGroup;
			children = (
				C60B984CFD3E4D7BD949E9F1 /* Pods_RanTalk.framework */,
			);
			name = Frameworks;
			sourceTree = "<group>";
		};
		A7B1F46499C4F3A354C7A97D /* Pods */ = {
			isa = PBXGroup;
			children = (
				1456A13C75448EBE01408515 /* Pods-RanTalk.debug.xcconfig */,
				4D5A10B7171D802C2C1EF61B /* Pods-RanTalk.release.xcconfig */,
			);
			name = Pods;
			sourceTree = "<group>";
		};
		EA1889382164D232006C914B /* Splash */ = {
			isa = PBXGroup;
			children = (
				EAB250DA2155756B00B81B34 /* SplashView.swift */,
				EAB250D8215573A100B81B34 /* SplashPresenter.swift */,
				EAB250C62155513100B81B34 /* SplashViewController.swift */,
			);
			path = Splash;
			sourceTree = "<group>";
		};
		EA18893B2164DF6D006C914B /* UserProfile */ = {
			isa = PBXGroup;
			children = (
				EA18893C2164DF9C006C914B /* UserProfileViewController.swift */,
				EA1889422164E0F9006C914B /* UserProfilePresenter.swift */,
				EA1889442164E100006C914B /* UserProfileView.swift */,
				EA18895121669A92006C914B /* UserProfileProtocol.swift */,
			);
			path = UserProfile;
			sourceTree = "<group>";
		};
		EA18895B216D5101006C914B /* ChatList */ = {
			isa = PBXGroup;
			children = (
				EA188957216D3C35006C914B /* ChatListView.swift */,
				EA188959216D5051006C914B /* ChatListPresenter.swift */,
				EACF7EFF213A8D9700939BB7 /* ChatListTableViewController.swift */,
				EACF7F01213A8E3900939BB7 /* ChatListTableViewCell.swift */,
			);
			path = ChatList;
			sourceTree = "<group>";
		};
		EA18895C216D5119006C914B /* Chat */ = {
			isa = PBXGroup;
			children = (
				EA1995FD214C293500B28EB7 /* ChatPresenter.swift */,
				EACF7F03213A90D900939BB7 /* ChatViewController.swift */,
				EA1995F9214C05C700B28EB7 /* ChatView.swift */,
				EACF7F05213A90FB00939BB7 /* MessageTableViewCell.swift */,
				EACF7F07213A910500939BB7 /* MyTableViewCell.swift */,
				EACF7F09213A911000939BB7 /* OtherTableViewCell.swift */,
				EA344B1B21518AF60078467C /* ChatProtocol.swift */,
			);
			path = Chat;
			sourceTree = "<group>";
		};
		EA344B212152E18C0078467C /* More */ = {
			isa = PBXGroup;
			children = (
				EA344B222152E1CC0078467C /* MoreViewController.swift */,
				EA344B242152E1E50078467C /* ProfileViewController.swift */,
				EAB250BB215428BE00B81B34 /* ProfileTableViewCell.swift */,
				EA344B282154065E0078467C /* ProfileCollectionViewCell.swift */,
				EAB250E02158D7A200B81B34 /* AddPhotoCollectionViewCell.swift */,
				EA344B2A215418BC0078467C /* UserInfoTableViewCell.swift */,
				EAB250B9215424ED00B81B34 /* PRTableViewCell.swift */,
			);
			path = More;
			sourceTree = "<group>";
		};
		EACF7EC021398BA100939BB7 = {
			isa = PBXGroup;
			children = (
				EACF7ECB21398BA200939BB7 /* RanTalk */,
				EACF7ECA21398BA200939BB7 /* Products */,
				A7B1F46499C4F3A354C7A97D /* Pods */,
				3D0882F328E3932FB8B82D47 /* Frameworks */,
			);
			sourceTree = "<group>";
		};
		EACF7ECA21398BA200939BB7 /* Products */ = {
			isa = PBXGroup;
			children = (
				EACF7EC921398BA200939BB7 /* RanTalk.app */,
			);
			name = Products;
			sourceTree = "<group>";
		};
		EACF7ECB21398BA200939BB7 /* RanTalk */ = {
			isa = PBXGroup;
			children = (
				EACF7ED821398BA200939BB7 /* LaunchScreen.storyboard */,
				EACF7ECC21398BA200939BB7 /* AppDelegate.swift */,
				EACF7ED021398BA200939BB7 /* Main.storyboard */,
				EA1889382164D232006C914B /* Splash */,
				EAD73B61214584880011190E /* Common */,
				EAD73B3821419DB20011190E /* API */,
				EACF7F0D213A91E600939BB7 /* Model */,
				EACF7EE5213A743A00939BB7 /* UtilityFunc */,
				EACF7EEE213A7DA600939BB7 /* SignIn */,
				EACF7EEF213A7DC600939BB7 /* List */,
				EACF7EFE213A8B0A00939BB7 /* Chat */,
				EA344B212152E18C0078467C /* More */,
				EA18893B2164DF6D006C914B /* UserProfile */,
				EACF7ED621398BA200939BB7 /* Assets.xcassets */,
				EACF7EDB21398BA200939BB7 /* Info.plist */,
				EACF7ED321398BA200939BB7 /* RanTalk.xcdatamodeld */,
			);
			path = RanTalk;
			sourceTree = "<group>";
		};
		EACF7EE5213A743A00939BB7 /* UtilityFunc */ = {
			isa = PBXGroup;
			children = (
				EACF7EEC213A7A1B00939BB7 /* Extensions.swift */,
				EA344B1D2152BE890078467C /* AnyView.swift */,
				EA344B1F2152CAD50078467C /* ViewParameter.swift */,
				EACF7EE3213A742E00939BB7 /* FirstApi.swift */,
				EACF7EE6213A746300939BB7 /* SecondApi.swift */,
			);
			path = UtilityFunc;
			sourceTree = "<group>";
		};
		EACF7EEE213A7DA600939BB7 /* SignIn */ = {
			isa = PBXGroup;
			children = (
				EAD73B70214586A30011190E /* UserPresenter.swift */,
				EACF7ECE21398BA200939BB7 /* SigninViewController.swift */,
				EACF7EE1213A703300939BB7 /* SignupViewController.swift */,
			);
			path = SignIn;
			sourceTree = "<group>";
		};
		EACF7EEF213A7DC600939BB7 /* List */ = {
			isa = PBXGroup;
			children = (
				EACF7EF0213A802500939BB7 /* UserListTableViewController.swift */,
				EACF7EF4213A809700939BB7 /* UserListTableViewCell.swift */,
				EACF7EFA213A814300939BB7 /* UserTableViewCell.swift */,
				EACF7EF8213A812B00939BB7 /* AdTableViewCell.swift */,
				EACF7F0E213BC56F00939BB7 /* InviteProtocol.swift */,
				EAFAA4F0215A40EC00C12911 /* UserinfoProtocol.swift */,
				EAFAA4FA215FD9A400C12911 /* UserListView.swift */,
				EAFAA4FC215FDA7B00C12911 /* UserListPresenter.swift */,
			);
			path = List;
			sourceTree = "<group>";
		};
		EACF7EFE213A8B0A00939BB7 /* Chat */ = {
			isa = PBXGroup;
			children = (
				EA18895B216D5101006C914B /* ChatList */,
				EA18895C216D5119006C914B /* Chat */,
			);
			path = Chat;
			sourceTree = "<group>";
		};
		EACF7F0D213A91E600939BB7 /* Model */ = {
			isa = PBXGroup;
			children = (
				EACF7F0B213A91DF00939BB7 /* MessageData.swift */,
				EAD73B5F2145844D0011190E /* User.swift */,
				EAD73B87214B85440011190E /* List.swift */,
				EA19960C214E9CFD00B28EB7 /* Room.swift */,
				EA199602214E7C1B00B28EB7 /* MyData.swift */,
				EAB250D021556E9900B81B34 /* Profile.swift */,
				EA18894A2164E210006C914B /* UserProfile.swift */,
				EA199604214E809400B28EB7 /* BaseData.swift */,
				EAB250BF21542AE200B81B34 /* ProfileDataSource.swift */,
			);
			path = Model;
			sourceTree = "<group>";
		};
		EAD73B3821419DB20011190E /* API */ = {
			isa = PBXGroup;
			children = (
				EAD73B6C214585B90011190E /* UserAPI.swift */,
				EAB250D22155705E00B81B34 /* SplashAPI.swift */,
				EAD73B6E214586860011190E /* UserView.swift */,
				EAFAA4F8215FD97900C12911 /* InviteView.swift */,
				EAD73B7D214700000011190E /* testproto.swift */,
			);
			path = API;
			sourceTree = "<group>";
		};
		EAD73B61214584880011190E /* Common */ = {
			isa = PBXGroup;
			children = (
				EAD73B65214584EA0011190E /* request */,
				EAD73B622145848F0011190E /* response */,
				EAD73B68214585130011190E /* API.swift */,
				EAD73B6A214585680011190E /* ShareReferences.swift */,
				EAFAA4F6215BBECD00C12911 /* SocketPath.swift */,
				EAD73B7221463B8B0011190E /* Navigator.swift */,
			);
			path = Common;
			sourceTree = "<group>";
		};
		EAD73B622145848F0011190E /* response */ = {
			isa = PBXGroup;
			children = (
				EA1995FB214C1BCB00B28EB7 /* BaseResponse.swift */,
				EAD73B63214584C10011190E /* UserResponse.swift */,
				EAD73B85214B83210011190E /* UserListResponse.swift */,
				EA199606214E918600B28EB7 /* RoomResponse.swift */,
				EAD73B7B2146DE830011190E /* ChatResponse.swift */,
				EA1995F5214C02FB00B28EB7 /* SendResponse.swift */,
				EAB250CE215554B500B81B34 /* ProfileResponse.swift */,
				EAB250D62155729C00B81B34 /* SplashResponse.swift */,
				EAFAA4F4215B7C8C00C12911 /* InviteResponse.swift */,
				EA1889482164E1B0006C914B /* UserProfileResponse.swift */,
				EA18894E2164E3C1006C914B /* FavoriteResponse.swift */,
			);
			path = response;
			sourceTree = "<group>";
		};
		EAD73B65214584EA0011190E /* request */ = {
			isa = PBXGroup;
			children = (
				EAD73B66214584F40011190E /* UserRequest.swift */,
				EAD73B792146DE780011190E /* ChatRequest.swift */,
				EAD73B83214B831A0011190E /* UserListRequest.swift */,
				EA1995F3214C02F400B28EB7 /* SendRequest.swift */,
				EA19960A214E9BDD00B28EB7 /* RoomRequest.swift */,
				EAB250CC215554AD00B81B34 /* ProfileRequest.swift */,
				EAB250D4215571DD00B81B34 /* SplashRequest.swift */,
				EAFAA4F2215B7C8500C12911 /* InviteRequest.swift */,
				EA1889462164E1A8006C914B /* UserProfileRequest.swift */,
				EA18894C2164E3BA006C914B /* FavoriteRequest.swift */,
			);
			path = request;
			sourceTree = "<group>";
		};
/* End PBXGroup section */

/* Begin PBXNativeTarget section */
		EACF7EC821398BA200939BB7 /* RanTalk */ = {
			isa = PBXNativeTarget;
			buildConfigurationList = EACF7EDE21398BA200939BB7 /* Build configuration list for PBXNativeTarget "RanTalk" */;
			buildPhases = (
				8B5D91E189A73C5A3E0A6F8B /* [CP] Check Pods Manifest.lock */,
				EACF7EC521398BA200939BB7 /* Sources */,
				EACF7EC621398BA200939BB7 /* Frameworks */,
				EACF7EC721398BA200939BB7 /* Resources */,
				F0F846233B23EB5DD094DD7B /* [CP] Embed Pods Frameworks */,
			);
			buildRules = (
			);
			dependencies = (
			);
			name = RanTalk;
			productName = RanTalk;
			productReference = EACF7EC921398BA200939BB7 /* RanTalk.app */;
			productType = "com.apple.product-type.application";
		};
/* End PBXNativeTarget section */

/* Begin PBXProject section */
		EACF7EC121398BA100939BB7 /* Project object */ = {
			isa = PBXProject;
			attributes = {
				LastSwiftUpdateCheck = 0940;
				LastUpgradeCheck = 0940;
				ORGANIZATIONNAME = HOTOSoft;
				TargetAttributes = {
					EACF7EC821398BA200939BB7 = {
						CreatedOnToolsVersion = 9.4.1;
					};
				};
			};
			buildConfigurationList = EACF7EC421398BA100939BB7 /* Build configuration list for PBXProject "RanTalk" */;
			compatibilityVersion = "Xcode 9.3";
			developmentRegion = en;
			hasScannedForEncodings = 0;
			knownRegions = (
				en,
				Base,
			);
			mainGroup = EACF7EC021398BA100939BB7;
			productRefGroup = EACF7ECA21398BA200939BB7 /* Products */;
			projectDirPath = "";
			projectRoot = "";
			targets = (
				EACF7EC821398BA200939BB7 /* RanTalk */,
			);
		};
/* End PBXProject section */

/* Begin PBXResourcesBuildPhase section */
		EACF7EC721398BA200939BB7 /* Resources */ = {
			isa = PBXResourcesBuildPhase;
			buildActionMask = 2147483647;
			files = (
				EACF7EDA21398BA200939BB7 /* LaunchScreen.storyboard in Resources */,
				EACF7ED721398BA200939BB7 /* Assets.xcassets in Resources */,
				EACF7ED221398BA200939BB7 /* Main.storyboard in Resources */,
			);
			runOnlyForDeploymentPostprocessing = 0;
		};
/* End PBXResourcesBuildPhase section */

/* Begin PBXShellScriptBuildPhase section */
		8B5D91E189A73C5A3E0A6F8B /* [CP] Check Pods Manifest.lock */ = {
			isa = PBXShellScriptBuildPhase;
			buildActionMask = 2147483647;
			files = (
			);
			inputPaths = (
				"${PODS_PODFILE_DIR_PATH}/Podfile.lock",
				"${PODS_ROOT}/Manifest.lock",
			);
			name = "[CP] Check Pods Manifest.lock";
			outputPaths = (
				"$(DERIVED_FILE_DIR)/Pods-RanTalk-checkManifestLockResult.txt",
			);
			runOnlyForDeploymentPostprocessing = 0;
			shellPath = /bin/sh;
			shellScript = "diff \"${PODS_PODFILE_DIR_PATH}/Podfile.lock\" \"${PODS_ROOT}/Manifest.lock\" > /dev/null\nif [ $? != 0 ] ; then\n    # print error to STDERR\n    echo \"error: The sandbox is not in sync with the Podfile.lock. Run 'pod install' or update your CocoaPods installation.\" >&2\n    exit 1\nfi\n# This output is used by Xcode 'outputs' to avoid re-running this script phase.\necho \"SUCCESS\" > \"${SCRIPT_OUTPUT_FILE_0}\"\n";
			showEnvVarsInLog = 0;
		};
		F0F846233B23EB5DD094DD7B /* [CP] Embed Pods Frameworks */ = {
			isa = PBXShellScriptBuildPhase;
			buildActionMask = 2147483647;
			files = (
			);
			inputPaths = (
				"${SRCROOT}/Pods/Target Support Files/Pods-RanTalk/Pods-RanTalk-frameworks.sh",
				"${BUILT_PRODUCTS_DIR}/Alamofire/Alamofire.framework",
				"${BUILT_PRODUCTS_DIR}/AlamofireObjectMapper/AlamofireObjectMapper.framework",
				"${BUILT_PRODUCTS_DIR}/Kingfisher/Kingfisher.framework",
				"${BUILT_PRODUCTS_DIR}/ObjectMapper/ObjectMapper.framework",
				"${BUILT_PRODUCTS_DIR}/RxCocoa/RxCocoa.framework",
				"${BUILT_PRODUCTS_DIR}/RxSwift/RxSwift.framework",
				"${BUILT_PRODUCTS_DIR}/SocketRocket/SocketRocket.framework",
				"${BUILT_PRODUCTS_DIR}/StompClientLib/StompClientLib.framework",
				"${BUILT_PRODUCTS_DIR}/SwiftyJSON/SwiftyJSON.framework",
			);
			name = "[CP] Embed Pods Frameworks";
			outputPaths = (
				"${TARGET_BUILD_DIR}/${FRAMEWORKS_FOLDER_PATH}/Alamofire.framework",
				"${TARGET_BUILD_DIR}/${FRAMEWORKS_FOLDER_PATH}/AlamofireObjectMapper.framework",
				"${TARGET_BUILD_DIR}/${FRAMEWORKS_FOLDER_PATH}/Kingfisher.framework",
				"${TARGET_BUILD_DIR}/${FRAMEWORKS_FOLDER_PATH}/ObjectMapper.framework",
				"${TARGET_BUILD_DIR}/${FRAMEWORKS_FOLDER_PATH}/RxCocoa.framework",
				"${TARGET_BUILD_DIR}/${FRAMEWORKS_FOLDER_PATH}/RxSwift.framework",
				"${TARGET_BUILD_DIR}/${FRAMEWORKS_FOLDER_PATH}/SocketRocket.framework",
				"${TARGET_BUILD_DIR}/${FRAMEWORKS_FOLDER_PATH}/StompClientLib.framework",
				"${TARGET_BUILD_DIR}/${FRAMEWORKS_FOLDER_PATH}/SwiftyJSON.framework",
			);
			runOnlyForDeploymentPostprocessing = 0;
			shellPath = /bin/sh;
			shellScript = "\"${SRCROOT}/Pods/Target Support Files/Pods-RanTalk/Pods-RanTalk-frameworks.sh\"\n";
			showEnvVarsInLog = 0;
		};
/* End PBXShellScriptBuildPhase section */

/* Begin PBXSourcesBuildPhase section */
		EACF7EC521398BA200939BB7 /* Sources */ = {
			isa = PBXSourcesBuildPhase;
			buildActionMask = 2147483647;
			files = (
				EA1889472164E1A8006C914B /* UserProfileRequest.swift in Sources */,
				EACF7EF9213A812B00939BB7 /* AdTableViewCell.swift in Sources */,
				EAFAA4F9215FD97900C12911 /* InviteView.swift in Sources */,
				EAD73B6D214585B90011190E /* UserAPI.swift in Sources */,
				EACF7EF5213A809700939BB7 /* UserListTableViewCell.swift in Sources */,
				EAB250D72155729C00B81B34 /* SplashResponse.swift in Sources */,
				EA344B202152CAD50078467C /* ViewParameter.swift in Sources */,
				EA1995FE214C293500B28EB7 /* ChatPresenter.swift in Sources */,
				EACF7F04213A90D900939BB7 /* ChatViewController.swift in Sources */,
				EAD73B69214585130011190E /* API.swift in Sources */,
				EAB250D9215573A100B81B34 /* SplashPresenter.swift in Sources */,
				EACF7F06213A90FB00939BB7 /* MessageTableViewCell.swift in Sources */,
				EA18894D2164E3BA006C914B /* FavoriteRequest.swift in Sources */,
				EAD73B602145844D0011190E /* User.swift in Sources */,
				EACF7ECF21398BA200939BB7 /* SigninViewController.swift in Sources */,
				EA1889492164E1B0006C914B /* UserProfileResponse.swift in Sources */,
				EA18894F2164E3C1006C914B /* FavoriteResponse.swift in Sources */,
				EA344B1C21518AF60078467C /* ChatProtocol.swift in Sources */,
				EAD73B84214B831A0011190E /* UserListRequest.swift in Sources */,
				EAB250C021542AE200B81B34 /* ProfileDataSource.swift in Sources */,
				EA199607214E918600B28EB7 /* RoomResponse.swift in Sources */,
				EAFAA4F1215A40EC00C12911 /* UserinfoProtocol.swift in Sources */,
				EA19960D214E9CFD00B28EB7 /* Room.swift in Sources */,
				EAB250D32155705E00B81B34 /* SplashAPI.swift in Sources */,
				EACF7F08213A910500939BB7 /* MyTableViewCell.swift in Sources */,
				EACF7EED213A7A1B00939BB7 /* Extensions.swift in Sources */,
				EAD73B64214584C10011190E /* UserResponse.swift in Sources */,
				EAFAA4F5215B7C8C00C12911 /* InviteResponse.swift in Sources */,
				EA199603214E7C1B00B28EB7 /* MyData.swift in Sources */,
				EA199605214E809400B28EB7 /* BaseData.swift in Sources */,
				EA344B292154065E0078467C /* ProfileCollectionViewCell.swift in Sources */,
				EACF7EFB213A814300939BB7 /* UserTableViewCell.swift in Sources */,
				EAD73B7E214700000011190E /* testproto.swift in Sources */,
				EA344B232152E1CC0078467C /* MoreViewController.swift in Sources */,
				EAB250CF215554B500B81B34 /* ProfileResponse.swift in Sources */,
				EAD73B88214B85440011190E /* List.swift in Sources */,
				EACF7EE4213A742E00939BB7 /* FirstApi.swift in Sources */,
				EAB250D5215571DD00B81B34 /* SplashRequest.swift in Sources */,
				EAB250D121556E9900B81B34 /* Profile.swift in Sources */,
				EA19960B214E9BDD00B28EB7 /* RoomRequest.swift in Sources */,
				EA188958216D3C35006C914B /* ChatListView.swift in Sources */,
				EA18894B2164E210006C914B /* UserProfile.swift in Sources */,
				EACF7EF1213A802500939BB7 /* UserListTableViewController.swift in Sources */,
				EAB250BC215428BE00B81B34 /* ProfileTableViewCell.swift in Sources */,
				EACF7F0F213BC56F00939BB7 /* InviteProtocol.swift in Sources */,
				EACF7EE7213A746300939BB7 /* SecondApi.swift in Sources */,
				EA18895A216D5051006C914B /* ChatListPresenter.swift in Sources */,
				EA1889452164E100006C914B /* UserProfileView.swift in Sources */,
				EA1995F6214C02FB00B28EB7 /* SendResponse.swift in Sources */,
				EAD73B7321463B8B0011190E /* Navigator.swift in Sources */,
				EACF7F0A213A911000939BB7 /* OtherTableViewCell.swift in Sources */,
				EAD73B6F214586860011190E /* UserView.swift in Sources */,
				EAB250BA215424ED00B81B34 /* PRTableViewCell.swift in Sources */,
				EAB250E12158D7A200B81B34 /* AddPhotoCollectionViewCell.swift in Sources */,
				EAFAA4FD215FDA7B00C12911 /* UserListPresenter.swift in Sources */,
				EA344B252152E1E50078467C /* ProfileViewController.swift in Sources */,
				EAD73B71214586A30011190E /* UserPresenter.swift in Sources */,
				EA1995F4214C02F400B28EB7 /* SendRequest.swift in Sources */,
				EAD73B6B214585680011190E /* ShareReferences.swift in Sources */,
				EAFAA4F7215BBECD00C12911 /* SocketPath.swift in Sources */,
				EAD73B67214584F40011190E /* UserRequest.swift in Sources */,
				EAFAA4FB215FD9A400C12911 /* UserListView.swift in Sources */,
				EACF7ED521398BA200939BB7 /* RanTalk.xcdatamodeld in Sources */,
				EAB250DB2155756B00B81B34 /* SplashView.swift in Sources */,
				EACF7F0C213A91DF00939BB7 /* MessageData.swift in Sources */,
				EA1995FA214C05C700B28EB7 /* ChatView.swift in Sources */,
				EA344B1E2152BE890078467C /* AnyView.swift in Sources */,
				EACF7EE2213A703300939BB7 /* SignupViewController.swift in Sources */,
				EA1889432164E0F9006C914B /* UserProfilePresenter.swift in Sources */,
				EAB250CD215554AD00B81B34 /* ProfileRequest.swift in Sources */,
				EAB250C72155513100B81B34 /* SplashViewController.swift in Sources */,
				EACF7F02213A8E3900939BB7 /* ChatListTableViewCell.swift in Sources */,
				EA18895221669A92006C914B /* UserProfileProtocol.swift in Sources */,
				EA18893D2164DF9C006C914B /* UserProfileViewController.swift in Sources */,
				EAFAA4F3215B7C8500C12911 /* InviteRequest.swift in Sources */,
				EAD73B7C2146DE830011190E /* ChatResponse.swift in Sources */,
				EA344B2B215418BC0078467C /* UserInfoTableViewCell.swift in Sources */,
				EACF7ECD21398BA200939BB7 /* AppDelegate.swift in Sources */,
				EACF7F00213A8D9700939BB7 /* ChatListTableViewController.swift in Sources */,
				EA1995FC214C1BCB00B28EB7 /* BaseResponse.swift in Sources */,
				EAD73B7A2146DE780011190E /* ChatRequest.swift in Sources */,
				EAD73B86214B83210011190E /* UserListResponse.swift in Sources */,
			);
			runOnlyForDeploymentPostprocessing = 0;
		};
/* End PBXSourcesBuildPhase section */

/* Begin PBXVariantGroup section */
		EACF7ED021398BA200939BB7 /* Main.storyboard */ = {
			isa = PBXVariantGroup;
			children = (
				EACF7ED121398BA200939BB7 /* Base */,
			);
			name = Main.storyboard;
			sourceTree = "<group>";
		};
		EACF7ED821398BA200939BB7 /* LaunchScreen.storyboard */ = {
			isa = PBXVariantGroup;
			children = (
				EACF7ED921398BA200939BB7 /* Base */,
			);
			name = LaunchScreen.storyboard;
			sourceTree = "<group>";
		};
/* End PBXVariantGroup section */

/* Begin XCBuildConfiguration section */
		EACF7EDC21398BA200939BB7 /* Debug */ = {
			isa = XCBuildConfiguration;
			buildSettings = {
				ALWAYS_SEARCH_USER_PATHS = NO;
				CLANG_ANALYZER_NONNULL = YES;
				CLANG_ANALYZER_NUMBER_OBJECT_CONVERSION = YES_AGGRESSIVE;
				CLANG_CXX_LANGUAGE_STANDARD = "gnu++14";
				CLANG_CXX_LIBRARY = "libc++";
				CLANG_ENABLE_MODULES = YES;
				CLANG_ENABLE_OBJC_ARC = YES;
				CLANG_ENABLE_OBJC_WEAK = YES;
				CLANG_WARN_BLOCK_CAPTURE_AUTORELEASING = YES;
				CLANG_WARN_BOOL_CONVERSION = YES;
				CLANG_WARN_COMMA = YES;
				CLANG_WARN_CONSTANT_CONVERSION = YES;
				CLANG_WARN_DEPRECATED_OBJC_IMPLEMENTATIONS = YES;
				CLANG_WARN_DIRECT_OBJC_ISA_USAGE = YES_ERROR;
				CLANG_WARN_DOCUMENTATION_COMMENTS = YES;
				CLANG_WARN_EMPTY_BODY = YES;
				CLANG_WARN_ENUM_CONVERSION = YES;
				CLANG_WARN_INFINITE_RECURSION = YES;
				CLANG_WARN_INT_CONVERSION = YES;
				CLANG_WARN_NON_LITERAL_NULL_CONVERSION = YES;
				CLANG_WARN_OBJC_IMPLICIT_RETAIN_SELF = YES;
				CLANG_WARN_OBJC_LITERAL_CONVERSION = YES;
				CLANG_WARN_OBJC_ROOT_CLASS = YES_ERROR;
				CLANG_WARN_RANGE_LOOP_ANALYSIS = YES;
				CLANG_WARN_STRICT_PROTOTYPES = YES;
				CLANG_WARN_SUSPICIOUS_MOVE = YES;
				CLANG_WARN_UNGUARDED_AVAILABILITY = YES_AGGRESSIVE;
				CLANG_WARN_UNREACHABLE_CODE = YES;
				CLANG_WARN__DUPLICATE_METHOD_MATCH = YES;
				CODE_SIGN_IDENTITY = "iPhone Developer";
				COPY_PHASE_STRIP = NO;
				DEBUG_INFORMATION_FORMAT = dwarf;
				ENABLE_STRICT_OBJC_MSGSEND = YES;
				ENABLE_TESTABILITY = YES;
				GCC_C_LANGUAGE_STANDARD = gnu11;
				GCC_DYNAMIC_NO_PIC = NO;
				GCC_NO_COMMON_BLOCKS = YES;
				GCC_OPTIMIZATION_LEVEL = 0;
				GCC_PREPROCESSOR_DEFINITIONS = (
					"DEBUG=1",
					"$(inherited)",
				);
				GCC_WARN_64_TO_32_BIT_CONVERSION = YES;
				GCC_WARN_ABOUT_RETURN_TYPE = YES_ERROR;
				GCC_WARN_UNDECLARED_SELECTOR = YES;
				GCC_WARN_UNINITIALIZED_AUTOS = YES_AGGRESSIVE;
				GCC_WARN_UNUSED_FUNCTION = YES;
				GCC_WARN_UNUSED_VARIABLE = YES;
				IPHONEOS_DEPLOYMENT_TARGET = 11.4;
				MTL_ENABLE_DEBUG_INFO = YES;
				ONLY_ACTIVE_ARCH = YES;
				SDKROOT = iphoneos;
				SWIFT_ACTIVE_COMPILATION_CONDITIONS = DEBUG;
				SWIFT_OPTIMIZATION_LEVEL = "-Onone";
			};
			name = Debug;
		};
		EACF7EDD21398BA200939BB7 /* Release */ = {
			isa = XCBuildConfiguration;
			buildSettings = {
				ALWAYS_SEARCH_USER_PATHS = NO;
				CLANG_ANALYZER_NONNULL = YES;
				CLANG_ANALYZER_NUMBER_OBJECT_CONVERSION = YES_AGGRESSIVE;
				CLANG_CXX_LANGUAGE_STANDARD = "gnu++14";
				CLANG_CXX_LIBRARY = "libc++";
				CLANG_ENABLE_MODULES = YES;
				CLANG_ENABLE_OBJC_ARC = YES;
				CLANG_ENABLE_OBJC_WEAK = YES;
				CLANG_WARN_BLOCK_CAPTURE_AUTORELEASING = YES;
				CLANG_WARN_BOOL_CONVERSION = YES;
				CLANG_WARN_COMMA = YES;
				CLANG_WARN_CONSTANT_CONVERSION = YES;
				CLANG_WARN_DEPRECATED_OBJC_IMPLEMENTATIONS = YES;
				CLANG_WARN_DIRECT_OBJC_ISA_USAGE = YES_ERROR;
				CLANG_WARN_DOCUMENTATION_COMMENTS = YES;
				CLANG_WARN_EMPTY_BODY = YES;
				CLANG_WARN_ENUM_CONVERSION = YES;
				CLANG_WARN_INFINITE_RECURSION = YES;
				CLANG_WARN_INT_CONVERSION = YES;
				CLANG_WARN_NON_LITERAL_NULL_CONVERSION = YES;
				CLANG_WARN_OBJC_IMPLICIT_RETAIN_SELF = YES;
				CLANG_WARN_OBJC_LITERAL_CONVERSION = YES;
				CLANG_WARN_OBJC_ROOT_CLASS = YES_ERROR;
				CLANG_WARN_RANGE_LOOP_ANALYSIS = YES;
				CLANG_WARN_STRICT_PROTOTYPES = YES;
				CLANG_WARN_SUSPICIOUS_MOVE = YES;
				CLANG_WARN_UNGUARDED_AVAILABILITY = YES_AGGRESSIVE;
				CLANG_WARN_UNREACHABLE_CODE = YES;
				CLANG_WARN__DUPLICATE_METHOD_MATCH = YES;
				CODE_SIGN_IDENTITY = "iPhone Developer";
				COPY_PHASE_STRIP = NO;
				DEBUG_INFORMATION_FORMAT = "dwarf-with-dsym";
				ENABLE_NS_ASSERTIONS = NO;
				ENABLE_STRICT_OBJC_MSGSEND = YES;
				GCC_C_LANGUAGE_STANDARD = gnu11;
				GCC_NO_COMMON_BLOCKS = YES;
				GCC_WARN_64_TO_32_BIT_CONVERSION = YES;
				GCC_WARN_ABOUT_RETURN_TYPE = YES_ERROR;
				GCC_WARN_UNDECLARED_SELECTOR = YES;
				GCC_WARN_UNINITIALIZED_AUTOS = YES_AGGRESSIVE;
				GCC_WARN_UNUSED_FUNCTION = YES;
				GCC_WARN_UNUSED_VARIABLE = YES;
				IPHONEOS_DEPLOYMENT_TARGET = 11.4;
				MTL_ENABLE_DEBUG_INFO = NO;
				SDKROOT = iphoneos;
				SWIFT_COMPILATION_MODE = wholemodule;
				SWIFT_OPTIMIZATION_LEVEL = "-O";
				VALIDATE_PRODUCT = YES;
			};
			name = Release;
		};
		EACF7EDF21398BA200939BB7 /* Debug */ = {
			isa = XCBuildConfiguration;
			baseConfigurationReference = 1456A13C75448EBE01408515 /* Pods-RanTalk.debug.xcconfig */;
			buildSettings = {
				ASSETCATALOG_COMPILER_APPICON_NAME = AppIcon;
				CODE_SIGN_STYLE = Automatic;
				DEVELOPMENT_TEAM = ZAKLZA9M65;
				INFOPLIST_FILE = RanTalk/Info.plist;
				IPHONEOS_DEPLOYMENT_TARGET = 12.0;
				LD_RUNPATH_SEARCH_PATHS = (
					"$(inherited)",
					"@executable_path/Frameworks",
				);
				PRODUCT_BUNDLE_IDENTIFIER = com.hoto.RanTalk;
				PRODUCT_NAME = "$(TARGET_NAME)";
				SWIFT_OBJC_BRIDGING_HEADER = "";
				SWIFT_VERSION = 4.0;
				TARGETED_DEVICE_FAMILY = "1,2";
			};
			name = Debug;
		};
		EACF7EE021398BA200939BB7 /* Release */ = {
			isa = XCBuildConfiguration;
			baseConfigurationReference = 4D5A10B7171D802C2C1EF61B /* Pods-RanTalk.release.xcconfig */;
			buildSettings = {
				ASSETCATALOG_COMPILER_APPICON_NAME = AppIcon;
				CODE_SIGN_STYLE = Automatic;
				DEVELOPMENT_TEAM = ZAKLZA9M65;
				INFOPLIST_FILE = RanTalk/Info.plist;
				IPHONEOS_DEPLOYMENT_TARGET = 12.0;
				LD_RUNPATH_SEARCH_PATHS = (
					"$(inherited)",
					"@executable_path/Frameworks",
				);
				PRODUCT_BUNDLE_IDENTIFIER = com.hoto.RanTalk;
				PRODUCT_NAME = "$(TARGET_NAME)";
				SWIFT_OBJC_BRIDGING_HEADER = "";
				SWIFT_VERSION = 4.0;
				TARGETED_DEVICE_FAMILY = "1,2";
			};
			name = Release;
		};
/* End XCBuildConfiguration section */

/* Begin XCConfigurationList section */
		EACF7EC421398BA100939BB7 /* Build configuration list for PBXProject "RanTalk" */ = {
			isa = XCConfigurationList;
			buildConfigurations = (
				EACF7EDC21398BA200939BB7 /* Debug */,
				EACF7EDD21398BA200939BB7 /* Release */,
			);
			defaultConfigurationIsVisible = 0;
			defaultConfigurationName = Release;
		};
		EACF7EDE21398BA200939BB7 /* Build configuration list for PBXNativeTarget "RanTalk" */ = {
			isa = XCConfigurationList;
			buildConfigurations = (
				EACF7EDF21398BA200939BB7 /* Debug */,
				EACF7EE021398BA200939BB7 /* Release */,
			);
			defaultConfigurationIsVisible = 0;
			defaultConfigurationName = Release;
		};
/* End XCConfigurationList section */

/* Begin XCVersionGroup section */
		EACF7ED321398BA200939BB7 /* RanTalk.xcdatamodeld */ = {
			isa = XCVersionGroup;
			children = (
				EACF7ED421398BA200939BB7 /* RanTalk.xcdatamodel */,
			);
			currentVersion = EACF7ED421398BA200939BB7 /* RanTalk.xcdatamodel */;
			path = RanTalk.xcdatamodeld;
			sourceTree = "<group>";
			versionGroupType = wrapper.xcdatamodel;
		};
/* End XCVersionGroup section */
	};
	rootObject = EACF7EC121398BA100939BB7 /* Project object */;
}
